
Microsoft Visual Studio Solution File, Format Version 12.00
# Visual Studio Version 17
VisualStudioVersion = 17.3.32825.248
MinimumVisualStudioVersion = 10.0.40219.1
Project("{9A19103F-16F7-4668-BE54-9A1E7A4F7556}") = "Assignment2", "Assignment2\Assignment2.csproj", "{76BF017F-8F13-4D60-84DF-5D0D9378DC9D}"
EndProject
Global
	GlobalSection(SolutionConfigurationPlatforms) = preSolution
		Debug|Any CPU = Debug|Any CPU
		Release|Any CPU = Release|Any CPU
	EndGlobalSection
	GlobalSection(ProjectConfigurationPlatforms) = postSolution
		{76BF017F-8F13-4D60-84DF-5D0D9378DC9D}.Debug|Any CPU.ActiveCfg = Debug|Any CPU
		{76BF017F-8F13-4D60-84DF-5D0D9378DC9D}.Debug|Any CPU.Build.0 = Debug|Any CPU
		{76BF017F-8F13-4D60-84DF-5D0D9378DC9D}.Release|Any CPU.ActiveCfg = Release|Any CPU
		{76BF017F-8F13-4D60-84DF-5D0D9378DC9D}.Release|Any CPU.Build.0 = Release|Any CPU
	EndGlobalSection
	GlobalSection(SolutionProperties) = preSolution
		HideSolutionNode = FALSE
	EndGlobalSection
	GlobalSection(ExtensibilityGlobals) = postSolution
		SolutionGuid = {CE2F1B54-F080-426B-8B90-B6EEDC5ED0BF}
	EndGlobalSection
EndGlobal
